
Microsoft Visual Studio Solution File, Format Version 12.00
# Visual Studio Version 17
VisualStudioVersion = 17.5.33530.505
MinimumVisualStudioVersion = 10.0.40219.1
Project("{FAE04EC0-301F-11D3-BF4B-00C04F79EFBC}") = "Week3UseClass", "Week3CreateClass\Week3UseClass.csproj", "{E3BF1EB1-558D-49A5-BF4D-F6CE28C1A079}"
EndProject
Global
	GlobalSection(SolutionConfigurationPlatforms) = preSolution
		Debug|Any CPU = Debug|Any CPU
		Release|Any CPU = Release|Any CPU
	EndGlobalSection
	GlobalSection(ProjectConfigurationPlatforms) = postSolution
		{E3BF1EB1-558D-49A5-BF4D-F6CE28C1A079}.Debug|Any CPU.ActiveCfg = Debug|Any CPU
		{E3BF1EB1-558D-49A5-BF4D-F6CE28C1A079}.Debug|Any CPU.Build.0 = Debug|Any CPU
		{E3BF1EB1-558D-49A5-BF4D-F6CE28C1A079}.Release|Any CPU.ActiveCfg = Release|Any CPU
		{E3BF1EB1-558D-49A5-BF4D-F6CE28C1A079}.Release|Any CPU.Build.0 = Release|Any CPU
	EndGlobalSection
	GlobalSection(SolutionProperties) = preSolution
		HideSolutionNode = FALSE
	EndGlobalSection
	GlobalSection(ExtensibilityGlobals) = postSolution
		SolutionGuid = {8533C7A3-4B4F-4306-A132-98952E8200C0}
	EndGlobalSection
EndGlobal
