
Microsoft Visual Studio Solution File, Format Version 12.00
# Visual Studio Version 17
VisualStudioVersion = 17.5.33530.505
MinimumVisualStudioVersion = 10.0.40219.1
Project("{FAE04EC0-301F-11D3-BF4B-00C04F79EFBC}") = "GatesCandyStore_HumphreyKelly", "GatesCandyStore_HumphreyKelly\GatesCandyStore_HumphreyKelly.csproj", "{0341AF42-D338-4899-BFF3-E8E1CA9F7294}"
EndProject
Global
	GlobalSection(SolutionConfigurationPlatforms) = preSolution
		Debug|Any CPU = Debug|Any CPU
		Release|Any CPU = Release|Any CPU
	EndGlobalSection
	GlobalSection(ProjectConfigurationPlatforms) = postSolution
		{0341AF42-D338-4899-BFF3-E8E1CA9F7294}.Debug|Any CPU.ActiveCfg = Debug|Any CPU
		{0341AF42-D338-4899-BFF3-E8E1CA9F7294}.Debug|Any CPU.Build.0 = Debug|Any CPU
		{0341AF42-D338-4899-BFF3-E8E1CA9F7294}.Release|Any CPU.ActiveCfg = Release|Any CPU
		{0341AF42-D338-4899-BFF3-E8E1CA9F7294}.Release|Any CPU.Build.0 = Release|Any CPU
	EndGlobalSection
	GlobalSection(SolutionProperties) = preSolution
		HideSolutionNode = FALSE
	EndGlobalSection
	GlobalSection(ExtensibilityGlobals) = postSolution
		SolutionGuid = {D5E613B6-736A-4A32-BC0E-5A251EBBCD6C}
	EndGlobalSection
EndGlobal
